
Microsoft Visual Studio Solution File, Format Version 12.00
Project("{F2A71F9B-5D33-465A-A702-920D77279786}") = "DistributedMessagePassing", "DistributedMessagePassing\DistributedMessagePassing.fsproj", "{B4E5CF89-0007-4BAF-8B4F-DC907BEFDC12}"
EndProject
Global
	GlobalSection(SolutionConfigurationPlatforms) = preSolution
		Debug|Any CPU = Debug|Any CPU
		Release|Any CPU = Release|Any CPU
	EndGlobalSection
	GlobalSection(ProjectConfigurationPlatforms) = postSolution
		{B4E5CF89-0007-4BAF-8B4F-DC907BEFDC12}.Debug|Any CPU.ActiveCfg = Debug|Any CPU
		{B4E5CF89-0007-4BAF-8B4F-DC907BEFDC12}.Debug|Any CPU.Build.0 = Debug|Any CPU
		{B4E5CF89-0007-4BAF-8B4F-DC907BEFDC12}.Release|Any CPU.ActiveCfg = Release|Any CPU
		{B4E5CF89-0007-4BAF-8B4F-DC907BEFDC12}.Release|Any CPU.Build.0 = Release|Any CPU
	EndGlobalSection
EndGlobal
